<?xml version="1.0" encoding="utf-8"?>
<Project ToolsVersion="4.0" xmlns="http://schemas.microsoft.com/developer/msbuild/2003">
  <ItemGroup>
    <Filter Include="Source Files">
      <UniqueIdentifier>{4FC737F1-C7A5-4376-A066-2A32D752A2FF}</UniqueIdentifier>
      <Extensions>cpp;c;cc;cxx;def;odl;idl;hpj;bat;asm;asmx</Extensions>
    </Filter>
    <Filter Include="Header Files">
      <UniqueIdentifier>{93995380-89BD-4b04-88EB-625FBE52EBFB}</UniqueIdentifier>
      <Extensions>h;hh;hpp;hxx;hm;inl;inc;xsd</Extensions>
    </Filter>
    <Filter Include="Resource Files">
      <UniqueIdentifier>{67DA6AB6-F800-4c08-8B7A-83BB121AAD01}</UniqueIdentifier>
      <Extensions>rc;ico;cur;bmp;dlg;rc2;rct;bin;rgs;gif;jpg;jpeg;jpe;resx;tiff;tif;png;wav;mfcribbon-ms</Extensions>
    </Filter>
    <Filter Include="lua">
      <UniqueIdentifier>{55c339fa-7778-4c07-9864-8c2a30ca15b9}</UniqueIdentifier>
    </Filter>
    <Filter Include="lua_reg">
      <UniqueIdentifier>{e4cc5e00-cf46-4406-9d29-360249ab97bd}</UniqueIdentifier>
    </Filter>
    <Filter Include="lua_reg\details">
      <UniqueIdentifier>{16b835ea-17cb-48f3-b2a7-2a432f288dd0}</UniqueIdentifier>
    </Filter>
  </ItemGroup>
  <ItemGroup>
    <Text Include="ReadMe.txt" />
  </ItemGroup>
  <ItemGroup>
    <ClInclude Include="stdafx.h">
      <Filter>Header Files</Filter>
    </ClInclude>
    <ClInclude Include="targetver.h">
      <Filter>Header Files</Filter>
    </ClInclude>
    <ClInclude Include="..\..\..\third_party\lua\src\lapi.h">
      <Filter>lua</Filter>
    </ClInclude>
    <ClInclude Include="..\..\..\third_party\lua\src\lauxlib.h">
      <Filter>lua</Filter>
    </ClInclude>
    <ClInclude Include="..\..\..\third_party\lua\src\lcode.h">
      <Filter>lua</Filter>
    </ClInclude>
    <ClInclude Include="..\..\..\third_party\lua\src\lctype.h">
      <Filter>lua</Filter>
    </ClInclude>
    <ClInclude Include="..\..\..\third_party\lua\src\ldebug.h">
      <Filter>lua</Filter>
    </ClInclude>
    <ClInclude Include="..\..\..\third_party\lua\src\ldo.h">
      <Filter>lua</Filter>
    </ClInclude>
    <ClInclude Include="..\..\..\third_party\lua\src\lfunc.h">
      <Filter>lua</Filter>
    </ClInclude>
    <ClInclude Include="..\..\..\third_party\lua\src\lgc.h">
      <Filter>lua</Filter>
    </ClInclude>
    <ClInclude Include="..\..\..\third_party\lua\src\llex.h">
      <Filter>lua</Filter>
    </ClInclude>
    <ClInclude Include="..\..\..\third_party\lua\src\llimits.h">
      <Filter>lua</Filter>
    </ClInclude>
    <ClInclude Include="..\..\..\third_party\lua\src\lmem.h">
      <Filter>lua</Filter>
    </ClInclude>
    <ClInclude Include="..\..\..\third_party\lua\src\lobject.h">
      <Filter>lua</Filter>
    </ClInclude>
    <ClInclude Include="..\..\..\third_party\lua\src\lopcodes.h">
      <Filter>lua</Filter>
    </ClInclude>
    <ClInclude Include="..\..\..\third_party\lua\src\lparser.h">
      <Filter>lua</Filter>
    </ClInclude>
    <ClInclude Include="..\..\..\third_party\lua\src\lprefix.h">
      <Filter>lua</Filter>
    </ClInclude>
    <ClInclude Include="..\..\..\third_party\lua\src\lstate.h">
      <Filter>lua</Filter>
    </ClInclude>
    <ClInclude Include="..\..\..\third_party\lua\src\lstring.h">
      <Filter>lua</Filter>
    </ClInclude>
    <ClInclude Include="..\..\..\third_party\lua\src\ltable.h">
      <Filter>lua</Filter>
    </ClInclude>
    <ClInclude Include="..\..\..\third_party\lua\src\ltm.h">
      <Filter>lua</Filter>
    </ClInclude>
    <ClInclude Include="..\..\..\third_party\lua\src\lua.h">
      <Filter>lua</Filter>
    </ClInclude>
    <ClInclude Include="..\..\..\third_party\lua\src\lua.hpp">
      <Filter>lua</Filter>
    </ClInclude>
    <ClInclude Include="..\..\..\third_party\lua\src\luaconf.h">
      <Filter>lua</Filter>
    </ClInclude>
    <ClInclude Include="..\..\..\third_party\lua\src\lualib.h">
      <Filter>lua</Filter>
    </ClInclude>
    <ClInclude Include="..\..\..\third_party\lua\src\lundump.h">
      <Filter>lua</Filter>
    </ClInclude>
    <ClInclude Include="..\..\..\third_party\lua\src\lvm.h">
      <Filter>lua</Filter>
    </ClInclude>
    <ClInclude Include="..\..\..\third_party\lua\src\lzio.h">
      <Filter>lua</Filter>
    </ClInclude>
    <ClInclude Include="..\..\..\include\lua_reg\call.hpp">
      <Filter>lua_reg</Filter>
    </ClInclude>
    <ClInclude Include="..\..\..\include\lua_reg\class.hpp">
      <Filter>lua_reg</Filter>
    </ClInclude>
    <ClInclude Include="..\..\..\include\lua_reg\config.hpp">
      <Filter>lua_reg</Filter>
    </ClInclude>
    <ClInclude Include="..\..\..\include\lua_reg\converter.hpp">
      <Filter>lua_reg</Filter>
    </ClInclude>
    <ClInclude Include="..\..\..\include\lua_reg\error.hpp">
      <Filter>lua_reg</Filter>
    </ClInclude>
    <ClInclude Include="..\..\..\include\lua_reg\execute.hpp">
      <Filter>lua_reg</Filter>
    </ClInclude>
    <ClInclude Include="..\..\..\include\lua_reg\iterator.hpp">
      <Filter>lua_reg</Filter>
    </ClInclude>
    <ClInclude Include="..\..\..\include\lua_reg\lua_reg.hpp">
      <Filter>lua_reg</Filter>
    </ClInclude>
    <ClInclude Include="..\..\..\include\lua_reg\module.hpp">
      <Filter>lua_reg</Filter>
    </ClInclude>
    <ClInclude Include="..\..\..\include\lua_reg\reference.hpp">
      <Filter>lua_reg</Filter>
    </ClInclude>
    <ClInclude Include="..\..\..\include\lua_reg\state.hpp">
      <Filter>lua_reg</Filter>
    </ClInclude>
    <ClInclude Include="..\..\..\include\lua_reg\details\converter.hpp">
      <Filter>lua_reg\details</Filter>
    </ClInclude>
    <ClInclude Include="..\..\..\include\lua_reg\details\dispatcher.hpp">
      <Filter>lua_reg\details</Filter>
    </ClInclude>
    <ClInclude Include="..\..\..\include\lua_reg\details\function.hpp">
      <Filter>lua_reg\details</Filter>
    </ClInclude>
    <ClInclude Include="..\..\..\include\lua_reg\details\traits.hpp">
      <Filter>lua_reg\details</Filter>
    </ClInclude>
  </ItemGroup>
  <ItemGroup>
    <ClCompile Include="stdafx.cpp">
      <Filter>Source Files</Filter>
    </ClCompile>
    <ClCompile Include="lua_reg_win.cpp">
      <Filter>Source Files</Filter>
    </ClCompile>
    <ClCompile Include="..\..\..\third_party\lua\src\lapi.c">
      <Filter>lua</Filter>
    </ClCompile>
    <ClCompile Include="..\..\..\third_party\lua\src\lauxlib.c">
      <Filter>lua</Filter>
    </ClCompile>
    <ClCompile Include="..\..\..\third_party\lua\src\lbaselib.c">
      <Filter>lua</Filter>
    </ClCompile>
    <ClCompile Include="..\..\..\third_party\lua\src\lbitlib.c">
      <Filter>lua</Filter>
    </ClCompile>
    <ClCompile Include="..\..\..\third_party\lua\src\lcode.c">
      <Filter>lua</Filter>
    </ClCompile>
    <ClCompile Include="..\..\..\third_party\lua\src\lcorolib.c">
      <Filter>lua</Filter>
    </ClCompile>
    <ClCompile Include="..\..\..\third_party\lua\src\lctype.c">
      <Filter>lua</Filter>
    </ClCompile>
    <ClCompile Include="..\..\..\third_party\lua\src\ldblib.c">
      <Filter>lua</Filter>
    </ClCompile>
    <ClCompile Include="..\..\..\third_party\lua\src\ldebug.c">
      <Filter>lua</Filter>
    </ClCompile>
    <ClCompile Include="..\..\..\third_party\lua\src\ldo.c">
      <Filter>lua</Filter>
    </ClCompile>
    <ClCompile Include="..\..\..\third_party\lua\src\ldump.c">
      <Filter>lua</Filter>
    </ClCompile>
    <ClCompile Include="..\..\..\third_party\lua\src\lfunc.c">
      <Filter>lua</Filter>
    </ClCompile>
    <ClCompile Include="..\..\..\third_party\lua\src\lgc.c">
      <Filter>lua</Filter>
    </ClCompile>
    <ClCompile Include="..\..\..\third_party\lua\src\linit.c">
      <Filter>lua</Filter>
    </ClCompile>
    <ClCompile Include="..\..\..\third_party\lua\src\liolib.c">
      <Filter>lua</Filter>
    </ClCompile>
    <ClCompile Include="..\..\..\third_party\lua\src\llex.c">
      <Filter>lua</Filter>
    </ClCompile>
    <ClCompile Include="..\..\..\third_party\lua\src\lmathlib.c">
      <Filter>lua</Filter>
    </ClCompile>
    <ClCompile Include="..\..\..\third_party\lua\src\lmem.c">
      <Filter>lua</Filter>
    </ClCompile>
    <ClCompile Include="..\..\..\third_party\lua\src\loadlib.c">
      <Filter>lua</Filter>
    </ClCompile>
    <ClCompile Include="..\..\..\third_party\lua\src\lobject.c">
      <Filter>lua</Filter>
    </ClCompile>
    <ClCompile Include="..\..\..\third_party\lua\src\lopcodes.c">
      <Filter>lua</Filter>
    </ClCompile>
    <ClCompile Include="..\..\..\third_party\lua\src\loslib.c">
      <Filter>lua</Filter>
    </ClCompile>
    <ClCompile Include="..\..\..\third_party\lua\src\lparser.c">
      <Filter>lua</Filter>
    </ClCompile>
    <ClCompile Include="..\..\..\third_party\lua\src\lstate.c">
      <Filter>lua</Filter>
    </ClCompile>
    <ClCompile Include="..\..\..\third_party\lua\src\lstring.c">
      <Filter>lua</Filter>
    </ClCompile>
    <ClCompile Include="..\..\..\third_party\lua\src\lstrlib.c">
      <Filter>lua</Filter>
    </ClCompile>
    <ClCompile Include="..\..\..\third_party\lua\src\ltable.c">
      <Filter>lua</Filter>
    </ClCompile>
    <ClCompile Include="..\..\..\third_party\lua\src\ltablib.c">
      <Filter>lua</Filter>
    </ClCompile>
    <ClCompile Include="..\..\..\third_party\lua\src\ltm.c">
      <Filter>lua</Filter>
    </ClCompile>
    <ClCompile Include="..\..\..\third_party\lua\src\lua.c">
      <Filter>lua</Filter>
    </ClCompile>
    <ClCompile Include="..\..\..\third_party\lua\src\luac.c">
      <Filter>lua</Filter>
    </ClCompile>
    <ClCompile Include="..\..\..\third_party\lua\src\lundump.c">
      <Filter>lua</Filter>
    </ClCompile>
    <ClCompile Include="..\..\..\third_party\lua\src\lutf8lib.c">
      <Filter>lua</Filter>
    </ClCompile>
    <ClCompile Include="..\..\..\third_party\lua\src\lvm.c">
      <Filter>lua</Filter>
    </ClCompile>
    <ClCompile Include="..\..\..\third_party\lua\src\lzio.c">
      <Filter>lua</Filter>
    </ClCompile>
  </ItemGroup>
  <ItemGroup>
    <None Include="..\..\..\third_party\lua\src\Makefile">
      <Filter>lua</Filter>
    </None>
  </ItemGroup>
</Project>