<?xml version="1.0" encoding="utf-8"?>
<Project ToolsVersion="4.0" xmlns="http://schemas.microsoft.com/developer/msbuild/2003">
  <ItemGroup>
    <Filter Include="Source Files">
      <UniqueIdentifier>{4FC737F1-C7A5-4376-A066-2A32D752A2FF}</UniqueIdentifier>
      <Extensions>cpp;c;cc;cxx;def;odl;idl;hpj;bat;asm;asmx</Extensions>
    </Filter>
    <Filter Include="Header Files">
      <UniqueIdentifier>{93995380-89BD-4b04-88EB-625FBE52EBFB}</UniqueIdentifier>
      <Extensions>h;hpp;hxx;hm;inl;inc;xsd</Extensions>
    </Filter>
    <Filter Include="Resource Files">
      <UniqueIdentifier>{67DA6AB6-F800-4c08-8B7A-83BB121AAD01}</UniqueIdentifier>
      <Extensions>rc;ico;cur;bmp;dlg;rc2;rct;bin;rgs;gif;jpg;jpeg;jpe;resx;tiff;tif;png;wav;mfcribbon-ms</Extensions>
    </Filter>
    <Filter Include="lua">
      <UniqueIdentifier>{c5600511-2ec4-40ce-aa74-7fa52e9dc33d}</UniqueIdentifier>
    </Filter>
    <Filter Include="lua\details">
      <UniqueIdentifier>{66ad3a66-211b-44a9-8efe-117ba0181abf}</UniqueIdentifier>
    </Filter>
  </ItemGroup>
  <ItemGroup>
    <Text Include="ReadMe.txt" />
  </ItemGroup>
  <ItemGroup>
    <ClInclude Include="stdafx.h">
      <Filter>Header Files</Filter>
    </ClInclude>
    <ClInclude Include="targetver.h">
      <Filter>Header Files</Filter>
    </ClInclude>
    <ClInclude Include="lua_reg\call.hpp">
      <Filter>lua</Filter>
    </ClInclude>
    <ClInclude Include="lua_reg\config.hpp">
      <Filter>lua</Filter>
    </ClInclude>
    <ClInclude Include="lua_reg\converter.hpp">
      <Filter>lua</Filter>
    </ClInclude>
    <ClInclude Include="lua_reg\def.hpp">
      <Filter>lua</Filter>
    </ClInclude>
    <ClInclude Include="lua_reg\error.hpp">
      <Filter>lua</Filter>
    </ClInclude>
    <ClInclude Include="lua_reg\execute.hpp">
      <Filter>lua</Filter>
    </ClInclude>
    <ClInclude Include="lua_reg\lua_reg.hpp">
      <Filter>lua</Filter>
    </ClInclude>
    <ClInclude Include="lua_reg\serialize.hpp">
      <Filter>lua</Filter>
    </ClInclude>
    <ClInclude Include="lua_reg\state.hpp">
      <Filter>lua</Filter>
    </ClInclude>
    <ClInclude Include="lua_reg\details\converter.hpp">
      <Filter>lua\details</Filter>
    </ClInclude>
    <ClInclude Include="lua_reg\details\def.hpp">
      <Filter>lua\details</Filter>
    </ClInclude>
  </ItemGroup>
  <ItemGroup>
    <ClCompile Include="stdafx.cpp">
      <Filter>Source Files</Filter>
    </ClCompile>
    <ClCompile Include="lua_register_test.cpp">
      <Filter>Source Files</Filter>
    </ClCompile>
  </ItemGroup>
  <ItemGroup>
    <None Include="test.lua">
      <Filter>lua</Filter>
    </None>
    <None Include="test2.lua">
      <Filter>lua</Filter>
    </None>
  </ItemGroup>
</Project>