<?xml version="1.0" encoding="utf-8"?>
<Project ToolsVersion="4.0" xmlns="http://schemas.microsoft.com/developer/msbuild/2003">
  <ItemGroup>
    <Filter Include="Source Files">
      <UniqueIdentifier>{4FC737F1-C7A5-4376-A066-2A32D752A2FF}</UniqueIdentifier>
      <Extensions>cpp;c;cc;cxx;def;odl;idl;hpj;bat;asm;asmx</Extensions>
    </Filter>
    <Filter Include="Header Files">
      <UniqueIdentifier>{93995380-89BD-4b04-88EB-625FBE52EBFB}</UniqueIdentifier>
      <Extensions>h;hpp;hxx;hm;inl;inc;xsd</Extensions>
    </Filter>
    <Filter Include="Resource Files">
      <UniqueIdentifier>{67DA6AB6-F800-4c08-8B7A-83BB121AAD01}</UniqueIdentifier>
      <Extensions>rc;ico;cur;bmp;dlg;rc2;rct;bin;rgs;gif;jpg;jpeg;jpe;resx;tiff;tif;png;wav;mfcribbon-ms</Extensions>
    </Filter>
    <Filter Include="luareg">
      <UniqueIdentifier>{f5b93a67-78e0-425b-801c-99a24391780b}</UniqueIdentifier>
    </Filter>
    <Filter Include="luareg\details">
      <UniqueIdentifier>{4c3c22dc-0785-41c9-aca6-15f44bd4d7af}</UniqueIdentifier>
    </Filter>
  </ItemGroup>
  <ItemGroup>
    <Text Include="ReadMe.txt" />
  </ItemGroup>
  <ItemGroup>
    <ClInclude Include="stdafx.h">
      <Filter>Header Files</Filter>
    </ClInclude>
    <ClInclude Include="targetver.h">
      <Filter>Header Files</Filter>
    </ClInclude>
    <ClInclude Include="..\..\..\include\lua_reg\call.hpp">
      <Filter>luareg</Filter>
    </ClInclude>
    <ClInclude Include="..\..\..\include\lua_reg\class.hpp">
      <Filter>luareg</Filter>
    </ClInclude>
    <ClInclude Include="..\..\..\include\lua_reg\config.hpp">
      <Filter>luareg</Filter>
    </ClInclude>
    <ClInclude Include="..\..\..\include\lua_reg\converter.hpp">
      <Filter>luareg</Filter>
    </ClInclude>
    <ClInclude Include="..\..\..\include\lua_reg\error.hpp">
      <Filter>luareg</Filter>
    </ClInclude>
    <ClInclude Include="..\..\..\include\lua_reg\execute.hpp">
      <Filter>luareg</Filter>
    </ClInclude>
    <ClInclude Include="..\..\..\include\lua_reg\iterator.hpp">
      <Filter>luareg</Filter>
    </ClInclude>
    <ClInclude Include="..\..\..\include\lua_reg\lua_reg.hpp">
      <Filter>luareg</Filter>
    </ClInclude>
    <ClInclude Include="..\..\..\include\lua_reg\reference.hpp">
      <Filter>luareg</Filter>
    </ClInclude>
    <ClInclude Include="..\..\..\include\lua_reg\state.hpp">
      <Filter>luareg</Filter>
    </ClInclude>
    <ClInclude Include="..\..\..\include\lua_reg\details\converter.hpp">
      <Filter>luareg\details</Filter>
    </ClInclude>
    <ClInclude Include="..\..\..\include\lua_reg\details\dispatcher.hpp">
      <Filter>luareg\details</Filter>
    </ClInclude>
    <ClInclude Include="..\..\..\include\lua_reg\details\traits.hpp">
      <Filter>luareg\details</Filter>
    </ClInclude>
    <ClInclude Include="..\..\..\include\lua_reg\module.hpp">
      <Filter>luareg</Filter>
    </ClInclude>
    <ClInclude Include="..\..\..\include\lua_reg\details\function.hpp">
      <Filter>luareg\details</Filter>
    </ClInclude>
  </ItemGroup>
  <ItemGroup>
    <ClCompile Include="stdafx.cpp">
      <Filter>Source Files</Filter>
    </ClCompile>
    <ClCompile Include="lua_register_test.cpp">
      <Filter>Source Files</Filter>
    </ClCompile>
  </ItemGroup>
  <ItemGroup>
    <None Include="test.lua" />
  </ItemGroup>
</Project>